
Microsoft Visual Studio Solution File, Format Version 12.00
# Visual Studio 15
VisualStudioVersion = 15.0.28307.1267
MinimumVisualStudioVersion = 10.0.40219.1
Project("{FAE04EC0-301F-11D3-BF4B-00C04F79EFBC}") = "ClientChatApp_034_AlfiNurAziz", "ClientChatApp_034_AlfiNurAziz\ClientChatApp_034_AlfiNurAziz.csproj", "{13C49632-38D3-494E-85A8-16CE04DF3091}"
EndProject
Global
	GlobalSection(SolutionConfigurationPlatforms) = preSolution
		Debug|Any CPU = Debug|Any CPU
		Release|Any CPU = Release|Any CPU
	EndGlobalSection
	GlobalSection(ProjectConfigurationPlatforms) = postSolution
		{13C49632-38D3-494E-85A8-16CE04DF3091}.Debug|Any CPU.ActiveCfg = Debug|Any CPU
		{13C49632-38D3-494E-85A8-16CE04DF3091}.Debug|Any CPU.Build.0 = Debug|Any CPU
		{13C49632-38D3-494E-85A8-16CE04DF3091}.Release|Any CPU.ActiveCfg = Release|Any CPU
		{13C49632-38D3-494E-85A8-16CE04DF3091}.Release|Any CPU.Build.0 = Release|Any CPU
	EndGlobalSection
	GlobalSection(SolutionProperties) = preSolution
		HideSolutionNode = FALSE
	EndGlobalSection
	GlobalSection(ExtensibilityGlobals) = postSolution
		SolutionGuid = {E7008AEC-4FA1-4C05-A949-65A4D11A8623}
	EndGlobalSection
EndGlobal
